// !$*UTF8*$!
{
	archiveVersion = 1;
	classes = {
	};
	objectVersion = 56;
	objects = {

/* Begin PBXBuildFile section */
		A1EDA9362AE2CC5A00F1CA65 /* Ghost_loadingApp.swift in Sources */ = {isa = PBXBuildFile; fileRef = A1EDA9352AE2CC5A00F1CA65 /* Ghost_loadingApp.swift */; };
		A1EDA9382AE2CC5A00F1CA65 /* ContentView.swift in Sources */ = {isa = PBXBuildFile; fileRef = A1EDA9372AE2CC5A00F1CA65 /* ContentView.swift */; };
		A1EDA93A2AE2CC5C00F1CA65 /* Assets.xcassets in Resources */ = {isa = PBXBuildFile; fileRef = A1EDA9392AE2CC5C00F1CA65 /* Assets.xcassets */; };
		A1EDA93D2AE2CC5C00F1CA65 /* Preview Assets.xcassets in Resources */ = {isa = PBXBuildFile; fileRef = A1EDA93C2AE2CC5C00F1CA65 /* Preview Assets.xcassets */; };
		A1EDA9472AE2CC5C00F1CA65 /* Ghost_loadingTests.swift in Sources */ = {isa = PBXBuildFile; fileRef = A1EDA9462AE2CC5C00F1CA65 /* Ghost_loadingTests.swift */; };
		A1EDA9512AE2CC5C00F1CA65 /* Ghost_loadingUITests.swift in Sources */ = {isa = PBXBuildFile; fileRef = A1EDA9502AE2CC5C00F1CA65 /* Ghost_loadingUITests.swift */; };
		A1EDA9532AE2CC5C00F1CA65 /* Ghost_loadingUITestsLaunchTests.swift in Sources */ = {isa = PBXBuildFile; fileRef = A1EDA9522AE2CC5C00F1CA65 /* Ghost_loadingUITestsLaunchTests.swift */; };
/* End PBXBuildFile section */

/* Begin PBXContainerItemProxy section */
		A1EDA9432AE2CC5C00F1CA65 /* PBXContainerItemProxy */ = {
			isa = PBXContainerItemProxy;
			containerPortal = A1EDA92A2AE2CC5A00F1CA65 /* Project object */;
			proxyType = 1;
			remoteGlobalIDString = A1EDA9312AE2CC5A00F1CA65;
			remoteInfo = "Ghost-loading";
		};
		A1EDA94D2AE2CC5C00F1CA65 /* PBXContainerItemProxy */ = {
			isa = PBXContainerItemProxy;
			containerPortal = A1EDA92A2AE2CC5A00F1CA65 /* Project object */;
			proxyType = 1;
			remoteGlobalIDString = A1EDA9312AE2CC5A00F1CA65;
			remoteInfo = "Ghost-loading";
		};
/* End PBXContainerItemProxy section */

/* Begin PBXFileReference section */
		A1EDA9322AE2CC5A00F1CA65 /* Ghost-loading.app */ = {isa = PBXFileReference; explicitFileType = wrapper.application; includeInIndex = 0; path = "Ghost-loading.app"; sourceTree = BUILT_PRODUCTS_DIR; };
		A1EDA9352AE2CC5A00F1CA65 /* Ghost_loadingApp.swift */ = {isa = PBXFileReference; lastKnownFileType = sourcecode.swift; path = Ghost_loadingApp.swift; sourceTree = "<group>"; };
		A1EDA9372AE2CC5A00F1CA65 /* ContentView.swift */ = {isa = PBXFileReference; lastKnownFileType = sourcecode.swift; path = ContentView.swift; sourceTree = "<group>"; };
		A1EDA9392AE2CC5C00F1CA65 /* Assets.xcassets */ = {isa = PBXFileReference; lastKnownFileType = folder.assetcatalog; path = Assets.xcassets; sourceTree = "<group>"; };
		A1EDA93C2AE2CC5C00F1CA65 /* Preview Assets.xcassets */ = {isa = PBXFileReference; lastKnownFileType = folder.assetcatalog; path = "Preview Assets.xcassets"; sourceTree = "<group>"; };
		A1EDA9422AE2CC5C00F1CA65 /* Ghost-loadingTests.xctest */ = {isa = PBXFileReference; explicitFileType = wrapper.cfbundle; includeInIndex = 0; path = "Ghost-loadingTests.xctest"; sourceTree = BUILT_PRODUCTS_DIR; };
		A1EDA9462AE2CC5C00F1CA65 /* Ghost_loadingTests.swift */ = {isa = PBXFileReference; lastKnownFileType = sourcecode.swift; path = Ghost_loadingTests.swift; sourceTree = "<group>"; };
		A1EDA94C2AE2CC5C00F1CA65 /* Ghost-loadingUITests.xctest */ = {isa = PBXFileReference; explicitFileType = wrapper.cfbundle; includeInIndex = 0; path = "Ghost-loadingUITests.xctest"; sourceTree = BUILT_PRODUCTS_DIR; };
		A1EDA9502AE2CC5C00F1CA65 /* Ghost_loadingUITests.swift */ = {isa = PBXFileReference; lastKnownFileType = sourcecode.swift; path = Ghost_loadingUITests.swift; sourceTree = "<group>"; };
		A1EDA9522AE2CC5C00F1CA65 /* Ghost_loadingUITestsLaunchTests.swift */ = {isa = PBXFileReference; lastKnownFileType = sourcecode.swift; path = Ghost_loadingUITestsLaunchTests.swift; sourceTree = "<group>"; };
/* End PBXFileReference section */

/* Begin PBXFrameworksBuildPhase section */
		A1EDA92F2AE2CC5A00F1CA65 /* Frameworks */ = {
			isa = PBXFrameworksBuildPhase;
			buildActionMask = 2147483647;
			files = (
			);
			runOnlyForDeploymentPostprocessing = 0;
		};
		A1EDA93F2AE2CC5C00F1CA65 /* Frameworks */ = {
			isa = PBXFrameworksBuildPhase;
			buildActionMask = 2147483647;
			files = (
			);
			runOnlyForDeploymentPostprocessing = 0;
		};
		A1EDA9492AE2CC5C00F1CA65 /* Frameworks */ = {
			isa = PBXFrameworksBuildPhase;
			buildActionMask = 2147483647;
			files = (
			);
			runOnlyForDeploymentPostprocessing = 0;
		};
/* End PBXFrameworksBuildPhase section */

/* Begin PBXGroup section */
		A1EDA9292AE2CC5A00F1CA65 = {
			isa = PBXGroup;
			children = (
				A1EDA9342AE2CC5A00F1CA65 /* Ghost-loading */,
				A1EDA9452AE2CC5C00F1CA65 /* Ghost-loadingTests */,
				A1EDA94F2AE2CC5C00F1CA65 /* Ghost-loadingUITests */,
				A1EDA9332AE2CC5A00F1CA65 /* Products */,
			);
			sourceTree = "<group>";
		};
		A1EDA9332AE2CC5A00F1CA65 /* Products */ = {
			isa = PBXGroup;
			children = (
				A1EDA9322AE2CC5A00F1CA65 /* Ghost-loading.app */,
				A1EDA9422AE2CC5C00F1CA65 /* Ghost-loadingTests.xctest */,
				A1EDA94C2AE2CC5C00F1CA65 /* Ghost-loadingUITests.xctest */,
			);
			name = Products;
			sourceTree = "<group>";
		};
		A1EDA9342AE2CC5A00F1CA65 /* Ghost-loading */ = {
			isa = PBXGroup;
			children = (
				A1EDA9352AE2CC5A00F1CA65 /* Ghost_loadingApp.swift */,
				A1EDA9372AE2CC5A00F1CA65 /* ContentView.swift */,
				A1EDA9392AE2CC5C00F1CA65 /* Assets.xcassets */,
				A1EDA93B2AE2CC5C00F1CA65 /* Preview Content */,
			);
			path = "Ghost-loading";
			sourceTree = "<group>";
		};
		A1EDA93B2AE2CC5C00F1CA65 /* Preview Content */ = {
			isa = PBXGroup;
			children = (
				A1EDA93C2AE2CC5C00F1CA65 /* Preview Assets.xcassets */,
			);
			path = "Preview Content";
			sourceTree = "<group>";
		};
		A1EDA9452AE2CC5C00F1CA65 /* Ghost-loadingTests */ = {
			isa = PBXGroup;
			children = (
				A1EDA9462AE2CC5C00F1CA65 /* Ghost_loadingTests.swift */,
			);
			path = "Ghost-loadingTests";
			sourceTree = "<group>";
		};
		A1EDA94F2AE2CC5C00F1CA65 /* Ghost-loadingUITests */ = {
			isa = PBXGroup;
			children = (
				A1EDA9502AE2CC5C00F1CA65 /* Ghost_loadingUITests.swift */,
				A1EDA9522AE2CC5C00F1CA65 /* Ghost_loadingUITestsLaunchTests.swift */,
			);
			path = "Ghost-loadingUITests";
			sourceTree = "<group>";
		};
/* End PBXGroup section */

/* Begin PBXNativeTarget section */
		A1EDA9312AE2CC5A00F1CA65 /* Ghost-loading */ = {
			isa = PBXNativeTarget;
			buildConfigurationList = A1EDA9562AE2CC5C00F1CA65 /* Build configuration list for PBXNativeTarget "Ghost-loading" */;
			buildPhases = (
				A1EDA92E2AE2CC5A00F1CA65 /* Sources */,
				A1EDA92F2AE2CC5A00F1CA65 /* Frameworks */,
				A1EDA9302AE2CC5A00F1CA65 /* Resources */,
			);
			buildRules = (
			);
			dependencies = (
			);
			name = "Ghost-loading";
			productName = "Ghost-loading";
			productReference = A1EDA9322AE2CC5A00F1CA65 /* Ghost-loading.app */;
			productType = "com.apple.product-type.application";
		};
		A1EDA9412AE2CC5C00F1CA65 /* Ghost-loadingTests */ = {
			isa = PBXNativeTarget;
			buildConfigurationList = A1EDA9592AE2CC5C00F1CA65 /* Build configuration list for PBXNativeTarget "Ghost-loadingTests" */;
			buildPhases = (
				A1EDA93E2AE2CC5C00F1CA65 /* Sources */,
				A1EDA93F2AE2CC5C00F1CA65 /* Frameworks */,
				A1EDA9402AE2CC5C00F1CA65 /* Resources */,
			);
			buildRules = (
			);
			dependencies = (
				A1EDA9442AE2CC5C00F1CA65 /* PBXTargetDependency */,
			);
			name = "Ghost-loadingTests";
			productName = "Ghost-loadingTests";
			productReference = A1EDA9422AE2CC5C00F1CA65 /* Ghost-loadingTests.xctest */;
			productType = "com.apple.product-type.bundle.unit-test";
		};
		A1EDA94B2AE2CC5C00F1CA65 /* Ghost-loadingUITests */ = {
			isa = PBXNativeTarget;
			buildConfigurationList = A1EDA95C2AE2CC5C00F1CA65 /* Build configuration list for PBXNativeTarget "Ghost-loadingUITests" */;
			buildPhases = (
				A1EDA9482AE2CC5C00F1CA65 /* Sources */,
				A1EDA9492AE2CC5C00F1CA65 /* Frameworks */,
				A1EDA94A2AE2CC5C00F1CA65 /* Resources */,
			);
			buildRules = (
			);
			dependencies = (
				A1EDA94E2AE2CC5C00F1CA65 /* PBXTargetDependency */,
			);
			name = "Ghost-loadingUITests";
			productName = "Ghost-loadingUITests";
			productReference = A1EDA94C2AE2CC5C00F1CA65 /* Ghost-loadingUITests.xctest */;
			productType = "com.apple.product-type.bundle.ui-testing";
		};
/* End PBXNativeTarget section */

/* Begin PBXProject section */
		A1EDA92A2AE2CC5A00F1CA65 /* Project object */ = {
			isa = PBXProject;
			attributes = {
				BuildIndependentTargetsInParallel = 1;
				LastSwiftUpdateCheck = 1430;
				LastUpgradeCheck = 1430;
				TargetAttributes = {
					A1EDA9312AE2CC5A00F1CA65 = {
						CreatedOnToolsVersion = 14.3.1;
					};
					A1EDA9412AE2CC5C00F1CA65 = {
						CreatedOnToolsVersion = 14.3.1;
						TestTargetID = A1EDA9312AE2CC5A00F1CA65;
					};
					A1EDA94B2AE2CC5C00F1CA65 = {
						CreatedOnToolsVersion = 14.3.1;
						TestTargetID = A1EDA9312AE2CC5A00F1CA65;
					};
				};
			};
			buildConfigurationList = A1EDA92D2AE2CC5A00F1CA65 /* Build configuration list for PBXProject "Ghost-loading" */;
			compatibilityVersion = "Xcode 14.0";
			developmentRegion = en;
			hasScannedForEncodings = 0;
			knownRegions = (
				en,
				Base,
			);
			mainGroup = A1EDA9292AE2CC5A00F1CA65;
			productRefGroup = A1EDA9332AE2CC5A00F1CA65 /* Products */;
			projectDirPath = "";
			projectRoot = "";
			targets = (
				A1EDA9312AE2CC5A00F1CA65 /* Ghost-loading */,
				A1EDA9412AE2CC5C00F1CA65 /* Ghost-loadingTests */,
				A1EDA94B2AE2CC5C00F1CA65 /* Ghost-loadingUITests */,
			);
		};
/* End PBXProject section */

/* Begin PBXResourcesBuildPhase section */
		A1EDA9302AE2CC5A00F1CA65 /* Resources */ = {
			isa = PBXResourcesBuildPhase;
			buildActionMask = 2147483647;
			files = (
				A1EDA93D2AE2CC5C00F1CA65 /* Preview Assets.xcassets in Resources */,
				A1EDA93A2AE2CC5C00F1CA65 /* Assets.xcassets in Resources */,
			);
			runOnlyForDeploymentPostprocessing = 0;
		};
		A1EDA9402AE2CC5C00F1CA65 /* Resources */ = {
			isa = PBXResourcesBuildPhase;
			buildActionMask = 2147483647;
			files = (
			);
			runOnlyForDeploymentPostprocessing = 0;
		};
		A1EDA94A2AE2CC5C00F1CA65 /* Resources */ = {
			isa = PBXResourcesBuildPhase;
			buildActionMask = 2147483647;
			files = (
			);
			runOnlyForDeploymentPostprocessing = 0;
		};
/* End PBXResourcesBuildPhase section */

/* Begin PBXSourcesBuildPhase section */
		A1EDA92E2AE2CC5A00F1CA65 /* Sources */ = {
			isa = PBXSourcesBuildPhase;
			buildActionMask = 2147483647;
			files = (
				A1EDA9382AE2CC5A00F1CA65 /* ContentView.swift in Sources */,
				A1EDA9362AE2CC5A00F1CA65 /* Ghost_loadingApp.swift in Sources */,
			);
			runOnlyForDeploymentPostprocessing = 0;
		};
		A1EDA93E2AE2CC5C00F1CA65 /* Sources */ = {
			isa = PBXSourcesBuildPhase;
			buildActionMask = 2147483647;
			files = (
				A1EDA9472AE2CC5C00F1CA65 /* Ghost_loadingTests.swift in Sources */,
			);
			runOnlyForDeploymentPostprocessing = 0;
		};
		A1EDA9482AE2CC5C00F1CA65 /* Sources */ = {
			isa = PBXSourcesBuildPhase;
			buildActionMask = 2147483647;
			files = (
				A1EDA9512AE2CC5C00F1CA65 /* Ghost_loadingUITests.swift in Sources */,
				A1EDA9532AE2CC5C00F1CA65 /* Ghost_loadingUITestsLaunchTests.swift in Sources */,
			);
			runOnlyForDeploymentPostprocessing = 0;
		};
/* End PBXSourcesBuildPhase section */

/* Begin PBXTargetDependency section */
		A1EDA9442AE2CC5C00F1CA65 /* PBXTargetDependency */ = {
			isa = PBXTargetDependency;
			target = A1EDA9312AE2CC5A00F1CA65 /* Ghost-loading */;
			targetProxy = A1EDA9432AE2CC5C00F1CA65 /* PBXContainerItemProxy */;
		};
		A1EDA94E2AE2CC5C00F1CA65 /* PBXTargetDependency */ = {
			isa = PBXTargetDependency;
			target = A1EDA9312AE2CC5A00F1CA65 /* Ghost-loading */;
			targetProxy = A1EDA94D2AE2CC5C00F1CA65 /* PBXContainerItemProxy */;
		};
/* End PBXTargetDependency section */

/* Begin XCBuildConfiguration section */
		A1EDA9542AE2CC5C00F1CA65 /* Debug */ = {
			isa = XCBuildConfiguration;
			buildSettings = {
				ALWAYS_SEARCH_USER_PATHS = NO;
				CLANG_ANALYZER_NONNULL = YES;
				CLANG_ANALYZER_NUMBER_OBJECT_CONVERSION = YES_AGGRESSIVE;
				CLANG_CXX_LANGUAGE_STANDARD = "gnu++20";
				CLANG_ENABLE_MODULES = YES;
				CLANG_ENABLE_OBJC_ARC = YES;
				CLANG_ENABLE_OBJC_WEAK = YES;
				CLANG_WARN_BLOCK_CAPTURE_AUTORELEASING = YES;
				CLANG_WARN_BOOL_CONVERSION = YES;
				CLANG_WARN_COMMA = YES;
				CLANG_WARN_CONSTANT_CONVERSION = YES;
				CLANG_WARN_DEPRECATED_OBJC_IMPLEMENTATIONS = YES;
				CLANG_WARN_DIRECT_OBJC_ISA_USAGE = YES_ERROR;
				CLANG_WARN_DOCUMENTATION_COMMENTS = YES;
				CLANG_WARN_EMPTY_BODY = YES;
				CLANG_WARN_ENUM_CONVERSION = YES;
				CLANG_WARN_INFINITE_RECURSION = YES;
				CLANG_WARN_INT_CONVERSION = YES;
				CLANG_WARN_NON_LITERAL_NULL_CONVERSION = YES;
				CLANG_WARN_OBJC_IMPLICIT_RETAIN_SELF = YES;
				CLANG_WARN_OBJC_LITERAL_CONVERSION = YES;
				CLANG_WARN_OBJC_ROOT_CLASS = YES_ERROR;
				CLANG_WARN_QUOTED_INCLUDE_IN_FRAMEWORK_HEADER = YES;
				CLANG_WARN_RANGE_LOOP_ANALYSIS = YES;
				CLANG_WARN_STRICT_PROTOTYPES = YES;
				CLANG_WARN_SUSPICIOUS_MOVE = YES;
				CLANG_WARN_UNGUARDED_AVAILABILITY = YES_AGGRESSIVE;
				CLANG_WARN_UNREACHABLE_CODE = YES;
				CLANG_WARN__DUPLICATE_METHOD_MATCH = YES;
				COPY_PHASE_STRIP = NO;
				DEBUG_INFORMATION_FORMAT = dwarf;
				ENABLE_STRICT_OBJC_MSGSEND = YES;
				ENABLE_TESTABILITY = YES;
				GCC_C_LANGUAGE_STANDARD = gnu11;
				GCC_DYNAMIC_NO_PIC = NO;
				GCC_NO_COMMON_BLOCKS = YES;
				GCC_OPTIMIZATION_LEVEL = 0;
				GCC_PREPROCESSOR_DEFINITIONS = (
					"DEBUG=1",
					"$(inherited)",
				);
				GCC_WARN_64_TO_32_BIT_CONVERSION = YES;
				GCC_WARN_ABOUT_RETURN_TYPE = YES_ERROR;
				GCC_WARN_UNDECLARED_SELECTOR = YES;
				GCC_WARN_UNINITIALIZED_AUTOS = YES_AGGRESSIVE;
				GCC_WARN_UNUSED_FUNCTION = YES;
				GCC_WARN_UNUSED_VARIABLE = YES;
				IPHONEOS_DEPLOYMENT_TARGET = 16.4;
				MTL_ENABLE_DEBUG_INFO = INCLUDE_SOURCE;
				MTL_FAST_MATH = YES;
				ONLY_ACTIVE_ARCH = YES;
				SDKROOT = iphoneos;
				SWIFT_ACTIVE_COMPILATION_CONDITIONS = DEBUG;
				SWIFT_OPTIMIZATION_LEVEL = "-Onone";
			};
			name = Debug;
		};
		A1EDA9552AE2CC5C00F1CA65 /* Release */ = {
			isa = XCBuildConfiguration;
			buildSettings = {
				ALWAYS_SEARCH_USER_PATHS = NO;
				CLANG_ANALYZER_NONNULL = YES;
				CLANG_ANALYZER_NUMBER_OBJECT_CONVERSION = YES_AGGRESSIVE;
				CLANG_CXX_LANGUAGE_STANDARD = "gnu++20";
				CLANG_ENABLE_MODULES = YES;
				CLANG_ENABLE_OBJC_ARC = YES;
				CLANG_ENABLE_OBJC_WEAK = YES;
				CLANG_WARN_BLOCK_CAPTURE_AUTORELEASING = YES;
				CLANG_WARN_BOOL_CONVERSION = YES;
				CLANG_WARN_COMMA = YES;
				CLANG_WARN_CONSTANT_CONVERSION = YES;
				CLANG_WARN_DEPRECATED_OBJC_IMPLEMENTATIONS = YES;
				CLANG_WARN_DIRECT_OBJC_ISA_USAGE = YES_ERROR;
				CLANG_WARN_DOCUMENTATION_COMMENTS = YES;
				CLANG_WARN_EMPTY_BODY = YES;
				CLANG_WARN_ENUM_CONVERSION = YES;
				CLANG_WARN_INFINITE_RECURSION = YES;
				CLANG_WARN_INT_CONVERSION = YES;
				CLANG_WARN_NON_LITERAL_NULL_CONVERSION = YES;
				CLANG_WARN_OBJC_IMPLICIT_RETAIN_SELF = YES;
				CLANG_WARN_OBJC_LITERAL_CONVERSION = YES;
				CLANG_WARN_OBJC_ROOT_CLASS = YES_ERROR;
				CLANG_WARN_QUOTED_INCLUDE_IN_FRAMEWORK_HEADER = YES;
				CLANG_WARN_RANGE_LOOP_ANALYSIS = YES;
				CLANG_WARN_STRICT_PROTOTYPES = YES;
				CLANG_WARN_SUSPICIOUS_MOVE = YES;
				CLANG_WARN_UNGUARDED_AVAILABILITY = YES_AGGRESSIVE;
				CLANG_WARN_UNREACHABLE_CODE = YES;
				CLANG_WARN__DUPLICATE_METHOD_MATCH = YES;
				COPY_PHASE_STRIP = NO;
				DEBUG_INFORMATION_FORMAT = "dwarf-with-dsym";
				ENABLE_NS_ASSERTIONS = NO;
				ENABLE_STRICT_OBJC_MSGSEND = YES;
				GCC_C_LANGUAGE_STANDARD = gnu11;
				GCC_NO_COMMON_BLOCKS = YES;
				GCC_WARN_64_TO_32_BIT_CONVERSION = YES;
				GCC_WARN_ABOUT_RETURN_TYPE = YES_ERROR;
				GCC_WARN_UNDECLARED_SELECTOR = YES;
				GCC_WARN_UNINITIALIZED_AUTOS = YES_AGGRESSIVE;
				GCC_WARN_UNUSED_FUNCTION = YES;
				GCC_WARN_UNUSED_VARIABLE = YES;
				IPHONEOS_DEPLOYMENT_TARGET = 16.4;
				MTL_ENABLE_DEBUG_INFO = NO;
				MTL_FAST_MATH = YES;
				SDKROOT = iphoneos;
				SWIFT_COMPILATION_MODE = wholemodule;
				SWIFT_OPTIMIZATION_LEVEL = "-O";
				VALIDATE_PRODUCT = YES;
			};
			name = Release;
		};
		A1EDA9572AE2CC5C00F1CA65 /* Debug */ = {
			isa = XCBuildConfiguration;
			buildSettings = {
				ASSETCATALOG_COMPILER_APPICON_NAME = AppIcon;
				ASSETCATALOG_COMPILER_GLOBAL_ACCENT_COLOR_NAME = AccentColor;
				CODE_SIGN_STYLE = Automatic;
				CURRENT_PROJECT_VERSION = 1;
				DEVELOPMENT_ASSET_PATHS = "\"Ghost-loading/Preview Content\"";
				DEVELOPMENT_TEAM = GCF3SV3MC7;
				ENABLE_PREVIEWS = YES;
				GENERATE_INFOPLIST_FILE = YES;
				INFOPLIST_KEY_UIApplicationSceneManifest_Generation = YES;
				INFOPLIST_KEY_UIApplicationSupportsIndirectInputEvents = YES;
				INFOPLIST_KEY_UILaunchScreen_Generation = YES;
				INFOPLIST_KEY_UISupportedInterfaceOrientations_iPad = "UIInterfaceOrientationPortrait UIInterfaceOrientationPortraitUpsideDown UIInterfaceOrientationLandscapeLeft UIInterfaceOrientationLandscapeRight";
				INFOPLIST_KEY_UISupportedInterfaceOrientations_iPhone = "UIInterfaceOrientationPortrait UIInterfaceOrientationLandscapeLeft UIInterfaceOrientationLandscapeRight";
				LD_RUNPATH_SEARCH_PATHS = (
					"$(inherited)",
					"@executable_path/Frameworks",
				);
				MARKETING_VERSION = 1.0;
				PRODUCT_BUNDLE_IDENTIFIER = "com.abraaoan.Ghost-loading";
				PRODUCT_NAME = "$(TARGET_NAME)";
				SWIFT_EMIT_LOC_STRINGS = YES;
				SWIFT_VERSION = 5.0;
				TARGETED_DEVICE_FAMILY = "1,2";
			};
			name = Debug;
		};
		A1EDA9582AE2CC5C00F1CA65 /* Release */ = {
			isa = XCBuildConfiguration;
			buildSettings = {
				ASSETCATALOG_COMPILER_APPICON_NAME = AppIcon;
				ASSETCATALOG_COMPILER_GLOBAL_ACCENT_COLOR_NAME = AccentColor;
				CODE_SIGN_STYLE = Automatic;
				CURRENT_PROJECT_VERSION = 1;
				DEVELOPMENT_ASSET_PATHS = "\"Ghost-loading/Preview Content\"";
				DEVELOPMENT_TEAM = GCF3SV3MC7;
				ENABLE_PREVIEWS = YES;
				GENERATE_INFOPLIST_FILE = YES;
				INFOPLIST_KEY_UIApplicationSceneManifest_Generation = YES;
				INFOPLIST_KEY_UIApplicationSupportsIndirectInputEvents = YES;
				INFOPLIST_KEY_UILaunchScreen_Generation = YES;
				INFOPLIST_KEY_UISupportedInterfaceOrientations_iPad = "UIInterfaceOrientationPortrait UIInterfaceOrientationPortraitUpsideDown UIInterfaceOrientationLandscapeLeft UIInterfaceOrientationLandscapeRight";
				INFOPLIST_KEY_UISupportedInterfaceOrientations_iPhone = "UIInterfaceOrientationPortrait UIInterfaceOrientationLandscapeLeft UIInterfaceOrientationLandscapeRight";
				LD_RUNPATH_SEARCH_PATHS = (
					"$(inherited)",
					"@executable_path/Frameworks",
				);
				MARKETING_VERSION = 1.0;
				PRODUCT_BUNDLE_IDENTIFIER = "com.abraaoan.Ghost-loading";
				PRODUCT_NAME = "$(TARGET_NAME)";
				SWIFT_EMIT_LOC_STRINGS = YES;
				SWIFT_VERSION = 5.0;
				TARGETED_DEVICE_FAMILY = "1,2";
			};
			name = Release;
		};
		A1EDA95A2AE2CC5C00F1CA65 /* Debug */ = {
			isa = XCBuildConfiguration;
			buildSettings = {
				ALWAYS_EMBED_SWIFT_STANDARD_LIBRARIES = YES;
				BUNDLE_LOADER = "$(TEST_HOST)";
				CODE_SIGN_STYLE = Automatic;
				CURRENT_PROJECT_VERSION = 1;
				DEVELOPMENT_TEAM = GCF3SV3MC7;
				GENERATE_INFOPLIST_FILE = YES;
				IPHONEOS_DEPLOYMENT_TARGET = 16.4;
				MARKETING_VERSION = 1.0;
				PRODUCT_BUNDLE_IDENTIFIER = "com.abraaoan.Ghost-loadingTests";
				PRODUCT_NAME = "$(TARGET_NAME)";
				SWIFT_EMIT_LOC_STRINGS = NO;
				SWIFT_VERSION = 5.0;
				TARGETED_DEVICE_FAMILY = "1,2";
				TEST_HOST = "$(BUILT_PRODUCTS_DIR)/Ghost-loading.app/$(BUNDLE_EXECUTABLE_FOLDER_PATH)/Ghost-loading";
			};
			name = Debug;
		};
		A1EDA95B2AE2CC5C00F1CA65 /* Release */ = {
			isa = XCBuildConfiguration;
			buildSettings = {
				ALWAYS_EMBED_SWIFT_STANDARD_LIBRARIES = YES;
				BUNDLE_LOADER = "$(TEST_HOST)";
				CODE_SIGN_STYLE = Automatic;
				CURRENT_PROJECT_VERSION = 1;
				DEVELOPMENT_TEAM = GCF3SV3MC7;
				GENERATE_INFOPLIST_FILE = YES;
				IPHONEOS_DEPLOYMENT_TARGET = 16.4;
				MARKETING_VERSION = 1.0;
				PRODUCT_BUNDLE_IDENTIFIER = "com.abraaoan.Ghost-loadingTests";
				PRODUCT_NAME = "$(TARGET_NAME)";
				SWIFT_EMIT_LOC_STRINGS = NO;
				SWIFT_VERSION = 5.0;
				TARGETED_DEVICE_FAMILY = "1,2";
				TEST_HOST = "$(BUILT_PRODUCTS_DIR)/Ghost-loading.app/$(BUNDLE_EXECUTABLE_FOLDER_PATH)/Ghost-loading";
			};
			name = Release;
		};
		A1EDA95D2AE2CC5C00F1CA65 /* Debug */ = {
			isa = XCBuildConfiguration;
			buildSettings = {
				ALWAYS_EMBED_SWIFT_STANDARD_LIBRARIES = YES;
				CODE_SIGN_STYLE = Automatic;
				CURRENT_PROJECT_VERSION = 1;
				DEVELOPMENT_TEAM = GCF3SV3MC7;
				GENERATE_INFOPLIST_FILE = YES;
				MARKETING_VERSION = 1.0;
				PRODUCT_BUNDLE_IDENTIFIER = "com.abraaoan.Ghost-loadingUITests";
				PRODUCT_NAME = "$(TARGET_NAME)";
				SWIFT_EMIT_LOC_STRINGS = NO;
				SWIFT_VERSION = 5.0;
				TARGETED_DEVICE_FAMILY = "1,2";
				TEST_TARGET_NAME = "Ghost-loading";
			};
			name = Debug;
		};
		A1EDA95E2AE2CC5C00F1CA65 /* Release */ = {
			isa = XCBuildConfiguration;
			buildSettings = {
				ALWAYS_EMBED_SWIFT_STANDARD_LIBRARIES = YES;
				CODE_SIGN_STYLE = Automatic;
				CURRENT_PROJECT_VERSION = 1;
				DEVELOPMENT_TEAM = GCF3SV3MC7;
				GENERATE_INFOPLIST_FILE = YES;
				MARKETING_VERSION = 1.0;
				PRODUCT_BUNDLE_IDENTIFIER = "com.abraaoan.Ghost-loadingUITests";
				PRODUCT_NAME = "$(TARGET_NAME)";
				SWIFT_EMIT_LOC_STRINGS = NO;
				SWIFT_VERSION = 5.0;
				TARGETED_DEVICE_FAMILY = "1,2";
				TEST_TARGET_NAME = "Ghost-loading";
			};
			name = Release;
		};
/* End XCBuildConfiguration section */

/* Begin XCConfigurationList section */
		A1EDA92D2AE2CC5A00F1CA65 /* Build configuration list for PBXProject "Ghost-loading" */ = {
			isa = XCConfigurationList;
			buildConfigurations = (
				A1EDA9542AE2CC5C00F1CA65 /* Debug */,
				A1EDA9552AE2CC5C00F1CA65 /* Release */,
			);
			defaultConfigurationIsVisible = 0;
			defaultConfigurationName = Release;
		};
		A1EDA9562AE2CC5C00F1CA65 /* Build configuration list for PBXNativeTarget "Ghost-loading" */ = {
			isa = XCConfigurationList;
			buildConfigurations = (
				A1EDA9572AE2CC5C00F1CA65 /* Debug */,
				A1EDA9582AE2CC5C00F1CA65 /* Release */,
			);
			defaultConfigurationIsVisible = 0;
			defaultConfigurationName = Release;
		};
		A1EDA9592AE2CC5C00F1CA65 /* Build configuration list for PBXNativeTarget "Ghost-loadingTests" */ = {
			isa = XCConfigurationList;
			buildConfigurations = (
				A1EDA95A2AE2CC5C00F1CA65 /* Debug */,
				A1EDA95B2AE2CC5C00F1CA65 /* Release */,
			);
			defaultConfigurationIsVisible = 0;
			defaultConfigurationName = Release;
		};
		A1EDA95C2AE2CC5C00F1CA65 /* Build configuration list for PBXNativeTarget "Ghost-loadingUITests" */ = {
			isa = XCConfigurationList;
			buildConfigurations = (
				A1EDA95D2AE2CC5C00F1CA65 /* Debug */,
				A1EDA95E2AE2CC5C00F1CA65 /* Release */,
			);
			defaultConfigurationIsVisible = 0;
			defaultConfigurationName = Release;
		};
/* End XCConfigurationList section */
	};
	rootObject = A1EDA92A2AE2CC5A00F1CA65 /* Project object */;
}
